
Microsoft Visual Studio Solution File, Format Version 12.00
# Visual Studio Version 16
VisualStudioVersion = 16.0.30907.101
MinimumVisualStudioVersion = 10.0.40219.1
Project("{FAE04EC0-301F-11D3-BF4B-00C04F79EFBC}") = "StateParser", "StateParser\StateParser.csproj", "{304EC727-17F6-45F9-B6E1-E73E4E2A0105}"
EndProject
Global
	GlobalSection(SolutionConfigurationPlatforms) = preSolution
		Debug|Any CPU = Debug|Any CPU
		Release|Any CPU = Release|Any CPU
	EndGlobalSection
	GlobalSection(ProjectConfigurationPlatforms) = postSolution
		{304EC727-17F6-45F9-B6E1-E73E4E2A0105}.Debug|Any CPU.ActiveCfg = Debug|Any CPU
		{304EC727-17F6-45F9-B6E1-E73E4E2A0105}.Debug|Any CPU.Build.0 = Debug|Any CPU
		{304EC727-17F6-45F9-B6E1-E73E4E2A0105}.Release|Any CPU.ActiveCfg = Release|Any CPU
		{304EC727-17F6-45F9-B6E1-E73E4E2A0105}.Release|Any CPU.Build.0 = Release|Any CPU
	EndGlobalSection
	GlobalSection(SolutionProperties) = preSolution
		HideSolutionNode = FALSE
	EndGlobalSection
	GlobalSection(ExtensibilityGlobals) = postSolution
		SolutionGuid = {A915AAE8-398D-4F30-97CD-DF5B1FFC432A}
	EndGlobalSection
EndGlobal
